# Code generated by scarb DO NOT EDIT.
version = 1

[[package]]
name = "erc20"
version = "0.1.0"
dependencies = [
 "openzeppelin",
]

[[package]]
name = "openzeppelin"
version = "0.8.0-beta.0"
source = "git+https://github.com/OpenZeppelin/cairo-contracts.git?tag=v0.8.0-beta.0#9a51acae41aff9223eb3eb888f164cce8e77b497"
